{
    "_meta": {
        "hash": {
            "sha256": "9818203cf267e643d7585cdea3e432739babce10fb673d667f862a04c7792a4c"
        },
        "pipfile-spec": 6,
        "requires": {},
        "sources": [
            {
                "name": "pypi",
                "url": "https://pypi.org/simple",
                "verify_ssl": true
            }
        ]
    },
    "default": {},
    "develop": {
        "packaging": {
            "hashes": [
                "sha256:026ed72c8ed3fcce5bf8950572258698927fd1dbda10a5e981cdf0ac37f4f002",
                "sha256:5b8f2217dbdbd2f7f384c41c628544e6d52f2d0f53c6d0c3ea61aa5d1d7ff124"
            ],
            "index": "pypi",
            "markers": "python_version >= '3.8'",
            "version": "==24.1"
        }
    }
}
