{
    "_meta": {
        "hash": {
            "sha256": "ced9c96ea22f4be4770a1f948dda63bdffbc05376c61e7e7e6da4b56ed6778c1"
        },
        "pipfile-spec": 6,
        "requires": {
            "python_version": "3.7"
        },
        "sources": [
            {
                "name": "pypi",
                "url": "https://pypi.org/simple/",
                "verify_ssl": true
            }
        ]
    },
    "default": {
        "aionotify": {
            "hashes": [
                "sha256:385e1becfaac2d9f4326673033d53912ef9565b6febdedbec593ee966df392c6",
                "sha256:64b702ad0eb115034533f9f62730a9253b79f5ff0fbf3d100c392124cdf12507"
            ],
            "version": "==0.2.0"
        },
        "anyio": {
            "hashes": [
                "sha256:929a6852074397afe1d989002aa96d457e3e1e5441357c60d03e7eea0e65e1b0",
                "sha256:ae57a67583e5ff8b4af47666ff5651c3732d45fd26c929253748e796af860374"
            ],
            "markers": "python_full_version >= '3.6.2'",
            "version": "==3.3.0"
        },
        "attrs": {
            "hashes": [
                "sha256:149e90d6d8ac20db7a955ad60cf0e6881a3f20d37096140088356da6c716b0b1",
                "sha256:ef6aaac3ca6cd92904cdd0d83f629a15f18053ec84e6432106f7a4d04ae4f5fb"
            ],
            "markers": "python_version >= '2.7' and python_version not in '3.0, 3.1, 3.2, 3.3, 3.4'",
            "version": "==21.2.0"
        },
        "idna": {
            "hashes": [
                "sha256:14475042e284991034cb48e06f6851428fb14c4dc953acd9be9a5e95c7b6dd7a",
                "sha256:467fbad99067910785144ce333826c71fb0e63a425657295239737f7ecd125f3"
            ],
            "markers": "python_version >= '3.5'",
            "version": "==3.2"
        },
        "jsonschema": {
            "hashes": [
                "sha256:5f9c0a719ca2ce14c5de2fd350a64fd2d13e8539db29836a86adc990bb1a068f",
                "sha256:8d4a2b7b6c2237e0199c8ea1a6d3e05bf118e289ae2b9d7ba444182a2959560d"
            ],
            "version": "==3.0.2"
        },
        "numpy": {
            "hashes": [
                "sha256:09858463db6dd9f78b2a1a05c93f3b33d4f65975771e90d2cf7aadb7c2f66edf",
                "sha256:209666ce9d4a817e8a4597cd475b71b4878a85fa4b8db41d79fdb4fdee01dde2",
                "sha256:298156f4d3d46815eaf0fcf0a03f9625fc7631692bd1ad851517ab93c3168fc6",
                "sha256:30fc68307c0155d2a75ad19844224be0f2c6f06572d958db4e2053f816b859ad",
                "sha256:423216d8afc5923b15df86037c6053bf030d15cc9e3224206ef868c2d63dd6dc",
                "sha256:426a00b68b0d21f2deb2ace3c6d677e611ad5a612d2c76494e24a562a930c254",
                "sha256:466e682264b14982012887e90346d33435c984b7fead7b85e634903795c8fdb0",
                "sha256:51a7b9db0a2941434cd930dacaafe0fc9da8f3d6157f9d12f761bbde93f46218",
                "sha256:52a664323273c08f3b473548bf87c8145b7513afd63e4ebba8496ecd3853df13",
                "sha256:550564024dc5ceee9421a86fc0fb378aa9d222d4d0f858f6669eff7410c89bef",
                "sha256:5de64950137f3a50b76ce93556db392e8f1f954c2d8207f78a92d1f79aa9f737",
                "sha256:640c1ccfd56724f2955c237b6ccce2e5b8607c3bc1cc51d3933b8c48d1da3723",
                "sha256:7fdc7689daf3b845934d67cb221ba8d250fdca20ac0334fea32f7091b93f00d3",
                "sha256:805459ad8baaf815883d0d6f86e45b3b0b67d823a8f3fa39b1ed9c45eaf5edf1",
                "sha256:92a0ab128b07799dd5b9077a9af075a63467d03ebac6f8a93e6440abfea4120d",
                "sha256:9f2dc79c093f6c5113718d3d90c283f11463d77daa4e83aeeac088ec6a0bda52",
                "sha256:a5109345f5ce7ddb3840f5970de71c34a0ff7fceb133c9441283bb8250f532a3",
                "sha256:a55e4d81c4260386f71d22294795c87609164e22b28ba0d435850fbdf82fc0c5",
                "sha256:a9da45b748caad72ea4a4ed57e9cd382089f33c5ec330a804eb420a496fa760f",
                "sha256:b160b9a99ecc6559d9e6d461b95c8eec21461b332f80267ad2c10394b9503496",
                "sha256:b342064e647d099ca765f19672696ad50c953cac95b566af1492fd142283580f",
                "sha256:b5e8590b9245803c849e09bae070a8e1ff444f45e3f0bed558dd722119eea724",
                "sha256:bf75d5825ef47aa51d669b03ce635ecb84d69311e05eccea083f31c7570c9931",
                "sha256:c01b59b33c7c3ba90744f2c695be571a3bd40ab2ba7f3d169ffa6db3cfba614f",
                "sha256:d96a6a7d74af56feb11e9a443150216578ea07b7450f7c05df40eec90af7f4a7",
                "sha256:dd0e3651d210068d13e18503d75aaa45656eef51ef0b261f891788589db2cc38",
                "sha256:e167b9805de54367dcb2043519382be541117503ce99e3291cc9b41ca0a83557",
                "sha256:e42029e184008a5fd3d819323345e25e2337b0ac7f5c135b7623308530209d57",
                "sha256:f545c082eeb09ae678dd451a1b1dbf17babd8a0d7adea02897a76e639afca310",
                "sha256:fde50062d67d805bc96f1a9ecc0d37bfc2a8f02b937d2c50824d186aa91f2419"
            ],
            "markers": "python_version < '3.11' and python_version >= '3.7'",
            "version": "==1.21.2"
        },
        "opentrons": {
            "editable": true,
            "path": "./../api"
        },
        "opentrons-shared-data": {
            "editable": true,
            "path": "./../shared-data/python"
        },
        "pydantic": {
            "hashes": [
                "sha256:021ea0e4133e8c824775a0cfe098677acf6fa5a3cbf9206a376eed3fc09302cd",
                "sha256:05ddfd37c1720c392f4e0d43c484217b7521558302e7069ce8d318438d297739",
                "sha256:05ef5246a7ffd2ce12a619cbb29f3307b7c4509307b1b49f456657b43529dc6f",
                "sha256:10e5622224245941efc193ad1d159887872776df7a8fd592ed746aa25d071840",
                "sha256:18b5ea242dd3e62dbf89b2b0ec9ba6c7b5abaf6af85b95a97b00279f65845a23",
                "sha256:234a6c19f1c14e25e362cb05c68afb7f183eb931dd3cd4605eafff055ebbf287",
                "sha256:244ad78eeb388a43b0c927e74d3af78008e944074b7d0f4f696ddd5b2af43c62",
                "sha256:26464e57ccaafe72b7ad156fdaa4e9b9ef051f69e175dbbb463283000c05ab7b",
                "sha256:41b542c0b3c42dc17da70554bc6f38cbc30d7066d2c2815a94499b5684582ecb",
                "sha256:4a03cbbe743e9c7247ceae6f0d8898f7a64bb65800a45cbdc52d65e370570820",
                "sha256:4be75bebf676a5f0f87937c6ddb061fa39cbea067240d98e298508c1bda6f3f3",
                "sha256:54cd5121383f4a461ff7644c7ca20c0419d58052db70d8791eacbbe31528916b",
                "sha256:589eb6cd6361e8ac341db97602eb7f354551482368a37f4fd086c0733548308e",
                "sha256:8621559dcf5afacf0069ed194278f35c255dc1a1385c28b32dd6c110fd6531b3",
                "sha256:8b223557f9510cf0bfd8b01316bf6dd281cf41826607eada99662f5e4963f316",
                "sha256:99a9fc39470010c45c161a1dc584997f1feb13f689ecf645f59bb4ba623e586b",
                "sha256:a7c6002203fe2c5a1b5cbb141bb85060cbff88c2d78eccbc72d97eb7022c43e4",
                "sha256:a83db7205f60c6a86f2c44a61791d993dff4b73135df1973ecd9eed5ea0bda20",
                "sha256:ac8eed4ca3bd3aadc58a13c2aa93cd8a884bcf21cb019f8cfecaae3b6ce3746e",
                "sha256:e710876437bc07bd414ff453ac8ec63d219e7690128d925c6e82889d674bb505",
                "sha256:ea5cb40a3b23b3265f6325727ddfc45141b08ed665458be8c6285e7b85bd73a1",
                "sha256:fec866a0b59f372b7e776f2d7308511784dace622e0992a0b59ea3ccee0ae833"
            ],
            "index": "pypi",
            "version": "==1.8.2"
        },
        "pyrsistent": {
            "hashes": [
                "sha256:097b96f129dd36a8c9e33594e7ebb151b1515eb52cceb08474c10a5479e799f2",
                "sha256:2aaf19dc8ce517a8653746d98e962ef480ff34b6bc563fc067be6401ffb457c7",
                "sha256:404e1f1d254d314d55adb8d87f4f465c8693d6f902f67eb6ef5b4526dc58e6ea",
                "sha256:48578680353f41dca1ca3dc48629fb77dfc745128b56fc01096b2530c13fd426",
                "sha256:4916c10896721e472ee12c95cdc2891ce5890898d2f9907b1b4ae0f53588b710",
                "sha256:527be2bfa8dc80f6f8ddd65242ba476a6c4fb4e3aedbf281dfbac1b1ed4165b1",
                "sha256:58a70d93fb79dc585b21f9d72487b929a6fe58da0754fa4cb9f279bb92369396",
                "sha256:5e4395bbf841693eaebaa5bb5c8f5cdbb1d139e07c975c682ec4e4f8126e03d2",
                "sha256:6b5eed00e597b5b5773b4ca30bd48a5774ef1e96f2a45d105db5b4ebb4bca680",
                "sha256:73ff61b1411e3fb0ba144b8f08d6749749775fe89688093e1efef9839d2dcc35",
                "sha256:772e94c2c6864f2cd2ffbe58bb3bdefbe2a32afa0acb1a77e472aac831f83427",
                "sha256:773c781216f8c2900b42a7b638d5b517bb134ae1acbebe4d1e8f1f41ea60eb4b",
                "sha256:a0c772d791c38bbc77be659af29bb14c38ced151433592e326361610250c605b",
                "sha256:b29b869cf58412ca5738d23691e96d8aff535e17390128a1a52717c9a109da4f",
                "sha256:c1a9ff320fa699337e05edcaae79ef8c2880b52720bc031b219e5b5008ebbdef",
                "sha256:cd3caef37a415fd0dae6148a1b6957a8c5f275a62cca02e18474608cb263640c",
                "sha256:d5ec194c9c573aafaceebf05fc400656722793dac57f254cd4741f3c27ae57b4",
                "sha256:da6e5e818d18459fa46fac0a4a4e543507fe1110e808101277c5a2b5bab0cd2d",
                "sha256:e79d94ca58fcafef6395f6352383fa1a76922268fa02caa2272fff501c2fdc78",
                "sha256:f3ef98d7b76da5eb19c37fda834d50262ff9167c65658d1d8f974d2e4d90676b",
                "sha256:f4c8cabb46ff8e5d61f56a037974228e978f26bfefce4f61a4b1ac0ba7a2ab72"
            ],
            "markers": "python_version >= '3.6'",
            "version": "==0.18.0"
        },
        "pyserial": {
            "hashes": [
                "sha256:3c77e014170dfffbd816e6ffc205e9842efb10be9f58ec16d3e8675b4925cddb",
                "sha256:c4451db6ba391ca6ca299fb3ec7bae67a5c55dde170964c7a14ceefec02f2cf0"
            ],
            "version": "==3.5"
        },
        "pyzmq": {
            "hashes": [
                "sha256:00dca814469436455399660247d74045172955459c0bd49b54a540ce4d652185",
                "sha256:046b92e860914e39612e84fa760fc3f16054d268c11e0e25dcb011fb1bc6a075",
                "sha256:09d24a80ccb8cbda1af6ed8eb26b005b6743e58e9290566d2a6841f4e31fa8e0",
                "sha256:0a422fc290d03958899743db091f8154958410fc76ce7ee0ceb66150f72c2c97",
                "sha256:18189fc59ff5bf46b7ccf5a65c1963326dbfc85a2bc73e9f4a90a40322b992c8",
                "sha256:276ad604bffd70992a386a84bea34883e696a6b22e7378053e5d3227321d9702",
                "sha256:296540a065c8c21b26d63e3cea2d1d57902373b16e4256afe46422691903a438",
                "sha256:29d51279060d0a70f551663bc592418bcad7f4be4eea7b324f6dd81de05cb4c1",
                "sha256:36ab114021c0cab1a423fe6689355e8f813979f2c750968833b318c1fa10a0fd",
                "sha256:3fa6debf4bf9412e59353defad1f8035a1e68b66095a94ead8f7a61ae90b2675",
                "sha256:5120c64646e75f6db20cc16b9a94203926ead5d633de9feba4f137004241221d",
                "sha256:59f1e54627483dcf61c663941d94c4af9bf4163aec334171686cdaee67974fe5",
                "sha256:5d9fc809aa8d636e757e4ced2302569d6e60e9b9c26114a83f0d9d6519c40493",
                "sha256:654d3e06a4edc566b416c10293064732516cf8871a4522e0a2ba00cc2a2e600c",
                "sha256:720d2b6083498a9281eaee3f2927486e9fe02cd16d13a844f2e95217f243efea",
                "sha256:73483a2caaa0264ac717af33d6fb3f143d8379e60a422730ee8d010526ce1913",
                "sha256:8a6ada5a3f719bf46a04ba38595073df8d6b067316c011180102ba2a1925f5b5",
                "sha256:8b66b94fe6243d2d1d89bca336b2424399aac57932858b9a30309803ffc28112",
                "sha256:949a219493a861c263b75a16588eadeeeab08f372e25ff4a15a00f73dfe341f4",
                "sha256:99cc0e339a731c6a34109e5c4072aaa06d8e32c0b93dc2c2d90345dd45fa196c",
                "sha256:a7e7f930039ee0c4c26e4dfee015f20bd6919cd8b97c9cd7afbde2923a5167b6",
                "sha256:ab0d01148d13854de716786ca73701012e07dff4dfbbd68c4e06d8888743526e",
                "sha256:b1dd4cf4c5e09cbeef0aee83f3b8af1e9986c086a8927b261c042655607571e8",
                "sha256:c1a31cd42905b405530e92bdb70a8a56f048c8a371728b8acf9d746ecd4482c0",
                "sha256:c20dd60b9428f532bc59f2ef6d3b1029a28fc790d408af82f871a7db03e722ff",
                "sha256:c36ffe1e5aa35a1af6a96640d723d0d211c5f48841735c2aa8d034204e87eb87",
                "sha256:c40fbb2b9933369e994b837ee72193d6a4c35dfb9a7c573257ef7ff28961272c",
                "sha256:c6d653bab76b3925c65d4ac2ddbdffe09710f3f41cc7f177299e8c4498adb04a",
                "sha256:d46fb17f5693244de83e434648b3dbb4f4b0fec88415d6cbab1c1452b6f2ae17",
                "sha256:e36f12f503511d72d9bdfae11cadbadca22ff632ff67c1b5459f69756a029c19",
                "sha256:f1a25a61495b6f7bb986accc5b597a3541d9bd3ef0016f50be16dbb32025b302",
                "sha256:fa411b1d8f371d3a49d31b0789eb6da2537dadbb2aef74a43aa99a78195c3f76"
            ],
            "index": "pypi",
            "version": "==19.0.2"
        },
        "six": {
            "hashes": [
                "sha256:1e61c37477a1626458e36f7b1d82aa5c9b094fa4802892072e49de9c60c4c926",
                "sha256:8abb2f1d86890a2dfb989f9a77cfcfd3e47c2a354b01111771326f8aa26e0254"
            ],
            "markers": "python_version >= '2.7' and python_version not in '3.0, 3.1, 3.2, 3.3'",
            "version": "==1.16.0"
        },
        "sniffio": {
            "hashes": [
                "sha256:471b71698eac1c2112a40ce2752bb2f4a4814c22a54a3eed3676bc0f5ca9f663",
                "sha256:c4666eecec1d3f50960c6bdf61ab7bc350648da6c126e3cf6898d8cd4ddcd3de"
            ],
            "markers": "python_version >= '3.5'",
            "version": "==1.2.0"
        },
        "typing-extensions": {
            "hashes": [
                "sha256:0ac0f89795dd19de6b97debb0c6af1c70987fd80a2d62d1958f7e56fcc31b497",
                "sha256:50b6f157849174217d0656f99dc82fe932884fb250826c18350e159ec6cdf342",
                "sha256:779383f6086d90c99ae41cf0ff39aac8a7937a9283ce0a414e5dd782f4c94a84"
            ],
            "index": "pypi",
            "version": "==3.10.0.0"
        }
    },
    "develop": {
        "appdirs": {
            "hashes": [
                "sha256:7d5d0167b2b1ba821647616af46a749d1c653740dd0d2415100fe26e27afdf41",
                "sha256:a841dacd6b99318a741b166adb07e19ee71a274450e68237b4650ca1055ab128"
            ],
            "version": "==1.4.4"
        },
        "atomicwrites": {
            "hashes": [
                "sha256:6d1784dea7c0c8d4a5172b6c620f40b6e4cbfdf96d783691f2e1302a7b88e197",
                "sha256:ae70396ad1a434f9c7046fd2dd196fc04b12f9e91ffb859164193be8b6168a7a"
            ],
            "markers": "sys_platform == 'win32'",
            "version": "==1.4.0"
        },
        "attrs": {
            "hashes": [
                "sha256:149e90d6d8ac20db7a955ad60cf0e6881a3f20d37096140088356da6c716b0b1",
                "sha256:ef6aaac3ca6cd92904cdd0d83f629a15f18053ec84e6432106f7a4d04ae4f5fb"
            ],
            "markers": "python_version >= '2.7' and python_version not in '3.0, 3.1, 3.2, 3.3, 3.4'",
            "version": "==21.2.0"
        },
        "black": {
            "hashes": [
                "sha256:1c7aa6ada8ee864db745b22790a32f94b2795c253a75d6d9b5e439ff10d23116",
                "sha256:c8373c6491de9362e39271630b65b964607bc5c79c83783547d76c839b3aa219"
            ],
            "index": "pypi",
            "version": "==21.7b0"
        },
        "click": {
            "hashes": [
                "sha256:8c04c11192119b1ef78ea049e0a6f0463e4c48ef00a30160c704337586f3ad7a",
                "sha256:fba402a4a47334742d782209a7c79bc448911afe1149d07bdabdf480b3e2f4b6"
            ],
            "markers": "python_version >= '3.6'",
            "version": "==8.0.1"
        },
        "colorama": {
            "hashes": [
                "sha256:5941b2b48a20143d2267e95b1c2a7603ce057ee39fd88e7329b0c292aa16869b",
                "sha256:9f47eda37229f68eee03b24b9748937c7dc3868f906e8ba69fbcbdd3bc5dc3e2"
            ],
            "markers": "sys_platform == 'win32'",
            "version": "==0.4.4"
        },
        "coverage": {
            "hashes": [
                "sha256:07efe1fbd72e67df026ad5109bcd216acbbd4a29d5208b3dab61779bae6b7b26",
                "sha256:0898d6948b31df13391cd40568de8f35fa5901bc922c5ae05cf070587cb9c666",
                "sha256:0a7e55cc9f7efa22d5cc9966276ec7a40a8803676f6ccbfdc06a486fba9aa9ee",
                "sha256:17426808e8e0824f864876312d41961223bf5e503bf8f1f846735279a60ea345",
                "sha256:1770d24f45f1f2daeae34cfa3b33fcb29702153544cd2ad40d58399dd4ff53b5",
                "sha256:1864bdf9b2ccb43e724051bc23a1c558daf101ad4488ede1945f2a8be1facdad",
                "sha256:2c5f39d1556e75fc3c4fb071f9e7cfa618895a999a0de763a541d730775d0d5f",
                "sha256:3490ff6dbf3f7accf0750136ed60ae1f487bccc1f097740e3b21262bc9c89854",
                "sha256:353a50f123f0185cdb7a1e1e3e2cfb9d1fd7e293cfaf68eedaf5bd8e02e3ec32",
                "sha256:3edbb3ec580c73e5a264f5d04f30245bc98eff1a26765d46c5c65134f0a0e2f7",
                "sha256:4eb9cd910ca8e243f930243a9940ea1a522e32435d15668445753d087c30ee12",
                "sha256:5b06f4f1729e2963281d9cd6e65e6976bf27b44d4c07ac5b47223ce45f822cec",
                "sha256:5b1ceacb86e0a9558061dcc6baae865ed25933ea57effea644f21657cdce19bc",
                "sha256:65da6e3e8325291f012921bbf71fea0a97824e1c573981871096aac6e2cf0ec5",
                "sha256:66fe33e9e0df58675e08e83fe257f89e7f625e7633ea93d0872154e09cce2724",
                "sha256:6873f3f954d3e3ab8b1881f4e5307cc19f70c9f931c41048d9f7e6fd946eabe7",
                "sha256:73880a80fad0597eca43e213e5e1711bf6c0fcdb7eb6b01b3b17841ebe5a7f8d",
                "sha256:7600fac458f74c68b097379f76f3a6e3a630493fc7fc94b6508fedd9d498c194",
                "sha256:83682b73785d2e078e0b5f63410b8125b122e1a22422640c57edd4011c950f3e",
                "sha256:83faa3692e8306b20293889714fdf573d10ef5efc5843bd7c7aea6971487bd6a",
                "sha256:9c416ba03844608f45661a5b48dc59c6b5e89956efe388564dd138ca8caf540b",
                "sha256:9d242a2434801ef5125330deddb4cddba8990c9a49b3dec99dca17dd7eefba5a",
                "sha256:a2e15ab5afbee34abf716fece80ea33ea09a82e7450512f022723b1a82ec9a4e",
                "sha256:abe8207dfb8a61ded9cd830d26c1073c8218fc0ae17eb899cfe8ec0fafae6e22",
                "sha256:ad7182a82843f9f85487f44567c8c688f16c906bdb8d0e44ae462aed61cb8f1b",
                "sha256:b45f89a8ef65c29195f8f28dbe215f44ccb29d934f3e862d2a5c12e38698a793",
                "sha256:b81a4e667c45b13658b84f9b8f1d32ef86d5405fabcbd181b76b9e51d295f397",
                "sha256:c9c413c4397d4cdc7ca89286158d240ce524f9667b52c9a64dd7e13d16cf8815",
                "sha256:e11cca9eb5c9b3eaad899728ee2ce916138399ee8cbbccaadc1871fecb750827",
                "sha256:e66c50f0ab445fec920a9f084914ea1776a809e3016c3738519048195f851bbb",
                "sha256:ea452a2d83964d08232ade470091015e7ab9b8f53acbec10f2210fbab4ce7e43",
                "sha256:f398d38e6ebc2637863db1d7be3d4f9c5174e7d24bb3b0716cdb1f204669cbcf",
                "sha256:f82a17f2a77958f3eef40ad385fc82d4c6ba9a77a51a174efe03ce75daebbc16"
            ],
            "markers": "python_version >= '3.6'",
            "version": "==6.0.1"
        },
        "execnet": {
            "hashes": [
                "sha256:8f694f3ba9cc92cab508b152dcfe322153975c29bda272e2fd7f3f00f36e47c5",
                "sha256:a295f7cc774947aac58dde7fdc85f4aa00c42adf5d8f5468fc630c1acf30a142"
            ],
            "markers": "python_version >= '2.7' and python_version not in '3.0, 3.1, 3.2, 3.3, 3.4'",
            "version": "==1.9.0"
        },
        "flake8": {
            "hashes": [
                "sha256:07528381786f2a6237b061f6e96610a4167b226cb926e2aa2b6b1d78057c576b",
                "sha256:bf8fd333346d844f616e8d47905ef3a3384edae6b4e9beb0c5101e25e3110907"
            ],
            "index": "pypi",
            "version": "==3.9.2"
        },
        "flake8-annotations": {
            "hashes": [
                "sha256:0d6cd2e770b5095f09689c9d84cc054c51b929c41a68969ea1beb4b825cac515",
                "sha256:d10c4638231f8a50c0a597c4efce42bd7b7d85df4f620a0ddaca526138936a4f"
            ],
            "index": "pypi",
            "version": "==2.6.2"
        },
        "flake8-docstrings": {
            "hashes": [
                "sha256:99cac583d6c7e32dd28bbfbef120a7c0d1b6dde4adb5a9fd441c4227a6534bde",
                "sha256:9fe7c6a306064af8e62a055c2f61e9eb1da55f84bb39caef2b84ce53708ac34b"
            ],
            "index": "pypi",
            "version": "==1.6.0"
        },
        "importlib-metadata": {
            "hashes": [
                "sha256:b618b6d2d5ffa2f16add5697cf57a46c76a56229b0ed1c438322e4e95645bd15",
                "sha256:f284b3e11256ad1e5d03ab86bb2ccd6f5339688ff17a4d797a0fe7df326f23b1"
            ],
            "markers": "python_version < '3.8'",
            "version": "==4.8.1"
        },
        "iniconfig": {
            "hashes": [
                "sha256:011e24c64b7f47f6ebd835bb12a743f2fbe9a26d4cecaa7f53bc4f35ee9da8b3",
                "sha256:bc3af051d7d14b2ee5ef9969666def0cd1a000e121eaea580d4a313df4b37f32"
            ],
            "version": "==1.1.1"
        },
        "mccabe": {
            "hashes": [
                "sha256:ab8a6258860da4b6677da4bd2fe5dc2c659cff31b3ee4f7f5d64e79735b80d42",
                "sha256:dd8d182285a0fe56bace7f45b5e7d1a6ebcbf524e8f3bd87eb0f125271b8831f"
            ],
            "version": "==0.6.1"
        },
        "mock": {
            "hashes": [
                "sha256:122fcb64ee37cfad5b3f48d7a7d51875d7031aaf3d8be7c42e2bee25044eee62",
                "sha256:7d3fbbde18228f4ff2f1f119a45cdffa458b4c0dee32eb4d2bb2f82554bac7bc"
            ],
            "index": "pypi",
            "version": "==4.0.3"
        },
        "mypy": {
            "hashes": [
                "sha256:0d2fc8beb99cd88f2d7e20d69131353053fbecea17904ee6f0348759302c52fa",
                "sha256:2b216eacca0ec0ee124af9429bfd858d5619a0725ee5f88057e6e076f9eb1a7b",
                "sha256:319ee5c248a7c3f94477f92a729b7ab06bf8a6d04447ef3aa8c9ba2aa47c6dcf",
                "sha256:3e0c159a7853e3521e3f582adb1f3eac66d0b0639d434278e2867af3a8c62653",
                "sha256:5615785d3e2f4f03ab7697983d82c4b98af5c321614f51b8f1034eb9ebe48363",
                "sha256:5ff616787122774f510caeb7b980542a7cc2222be3f00837a304ea85cd56e488",
                "sha256:6f8425fecd2ba6007e526209bb985ce7f49ed0d2ac1cc1a44f243380a06a84fb",
                "sha256:74f5aa50d0866bc6fb8e213441c41e466c86678c800700b87b012ed11c0a13e0",
                "sha256:90b6f46dc2181d74f80617deca611925d7e63007cf416397358aa42efb593e07",
                "sha256:947126195bfe4709c360e89b40114c6746ae248f04d379dca6f6ab677aa07641",
                "sha256:a301da58d566aca05f8f449403c710c50a9860782148332322decf73a603280b",
                "sha256:aa9d4901f3ee1a986a3a79fe079ffbf7f999478c281376f48faa31daaa814e86",
                "sha256:b9150db14a48a8fa114189bfe49baccdff89da8c6639c2717750c7ae62316738",
                "sha256:b95068a3ce3b50332c40e31a955653be245666a4bc7819d3c8898aa9fb9ea496",
                "sha256:ca7ad5aed210841f1e77f5f2f7d725b62c78fa77519312042c719ed2ab937876",
                "sha256:d16c54b0dffb861dc6318a8730952265876d90c5101085a4bc56913e8521ba19",
                "sha256:e0202e37756ed09daf4b0ba64ad2c245d357659e014c3f51d8cd0681ba66940a",
                "sha256:e1c84c65ff6d69fb42958ece5b1255394714e0aac4df5ffe151bc4fe19c7600a",
                "sha256:e32b7b282c4ed4e378bba8b8dfa08e1cfa6f6574067ef22f86bee5b1039de0c9",
                "sha256:e3b8432f8df19e3c11235c4563a7250666dc9aa7cdda58d21b4177b20256ca9f",
                "sha256:e497a544391f733eca922fdcb326d19e894789cd4ff61d48b4b195776476c5cf",
                "sha256:f5fdf935a46aa20aa937f2478480ebf4be9186e98e49cc3843af9a5795a49a25"
            ],
            "index": "pypi",
            "version": "==0.800"
        },
        "mypy-extensions": {
            "hashes": [
                "sha256:090fedd75945a69ae91ce1303b5824f428daf5a028d2f6ab8a299250a846f15d",
                "sha256:2d82818f5bb3e369420cb3c4060a7970edba416647068eb4c5343488a6c604a8"
            ],
            "version": "==0.4.3"
        },
        "notify-server": {
            "editable": true,
            "path": "."
        },
        "packaging": {
            "hashes": [
                "sha256:7dc96269f53a4ccec5c0670940a4281106dd0bb343f47b7471f779df49c2fbe7",
                "sha256:c86254f9220d55e31cc94d69bade760f0847da8000def4dfe1c6b872fd14ff14"
            ],
            "markers": "python_version >= '3.6'",
            "version": "==21.0"
        },
        "pathspec": {
            "hashes": [
                "sha256:7d15c4ddb0b5c802d161efc417ec1a2558ea2653c2e8ad9c19098201dc1c993a",
                "sha256:e564499435a2673d586f6b2130bb5b95f04a3ba06f81b8f895b651a3c76aabb1"
            ],
            "version": "==0.9.0"
        },
        "pluggy": {
            "hashes": [
                "sha256:15b2acde666561e1298d71b523007ed7364de07029219b604cf808bfa1c765b0",
                "sha256:966c145cd83c96502c3c3868f50408687b38434af77734af1e9ca461a4081d2d"
            ],
            "markers": "python_version >= '2.7' and python_version not in '3.0, 3.1, 3.2, 3.3'",
            "version": "==0.13.1"
        },
        "py": {
            "hashes": [
                "sha256:21b81bda15b66ef5e1a777a21c4dcd9c20ad3efd0b3f817e7a809035269e1bd3",
                "sha256:3b80836aa6d1feeaa108e046da6423ab8f6ceda6468545ae8d02d9d58d18818a"
            ],
            "markers": "python_version >= '2.7' and python_version not in '3.0, 3.1, 3.2, 3.3'",
            "version": "==1.10.0"
        },
        "pycodestyle": {
            "hashes": [
                "sha256:514f76d918fcc0b55c6680472f0a37970994e07bbb80725808c17089be302068",
                "sha256:c389c1d06bf7904078ca03399a4816f974a1d590090fecea0c63ec26ebaf1cef"
            ],
            "markers": "python_version >= '2.7' and python_version not in '3.0, 3.1, 3.2, 3.3'",
            "version": "==2.7.0"
        },
        "pydantic": {
            "hashes": [
                "sha256:021ea0e4133e8c824775a0cfe098677acf6fa5a3cbf9206a376eed3fc09302cd",
                "sha256:05ddfd37c1720c392f4e0d43c484217b7521558302e7069ce8d318438d297739",
                "sha256:05ef5246a7ffd2ce12a619cbb29f3307b7c4509307b1b49f456657b43529dc6f",
                "sha256:10e5622224245941efc193ad1d159887872776df7a8fd592ed746aa25d071840",
                "sha256:18b5ea242dd3e62dbf89b2b0ec9ba6c7b5abaf6af85b95a97b00279f65845a23",
                "sha256:234a6c19f1c14e25e362cb05c68afb7f183eb931dd3cd4605eafff055ebbf287",
                "sha256:244ad78eeb388a43b0c927e74d3af78008e944074b7d0f4f696ddd5b2af43c62",
                "sha256:26464e57ccaafe72b7ad156fdaa4e9b9ef051f69e175dbbb463283000c05ab7b",
                "sha256:41b542c0b3c42dc17da70554bc6f38cbc30d7066d2c2815a94499b5684582ecb",
                "sha256:4a03cbbe743e9c7247ceae6f0d8898f7a64bb65800a45cbdc52d65e370570820",
                "sha256:4be75bebf676a5f0f87937c6ddb061fa39cbea067240d98e298508c1bda6f3f3",
                "sha256:54cd5121383f4a461ff7644c7ca20c0419d58052db70d8791eacbbe31528916b",
                "sha256:589eb6cd6361e8ac341db97602eb7f354551482368a37f4fd086c0733548308e",
                "sha256:8621559dcf5afacf0069ed194278f35c255dc1a1385c28b32dd6c110fd6531b3",
                "sha256:8b223557f9510cf0bfd8b01316bf6dd281cf41826607eada99662f5e4963f316",
                "sha256:99a9fc39470010c45c161a1dc584997f1feb13f689ecf645f59bb4ba623e586b",
                "sha256:a7c6002203fe2c5a1b5cbb141bb85060cbff88c2d78eccbc72d97eb7022c43e4",
                "sha256:a83db7205f60c6a86f2c44a61791d993dff4b73135df1973ecd9eed5ea0bda20",
                "sha256:ac8eed4ca3bd3aadc58a13c2aa93cd8a884bcf21cb019f8cfecaae3b6ce3746e",
                "sha256:e710876437bc07bd414ff453ac8ec63d219e7690128d925c6e82889d674bb505",
                "sha256:ea5cb40a3b23b3265f6325727ddfc45141b08ed665458be8c6285e7b85bd73a1",
                "sha256:fec866a0b59f372b7e776f2d7308511784dace622e0992a0b59ea3ccee0ae833"
            ],
            "index": "pypi",
            "version": "==1.8.2"
        },
        "pydocstyle": {
            "hashes": [
                "sha256:1d41b7c459ba0ee6c345f2eb9ae827cab14a7533a88c5c6f7e94923f72df92dc",
                "sha256:6987826d6775056839940041beef5c08cc7e3d71d63149b48e36727f70144dc4"
            ],
            "markers": "python_version >= '3.6'",
            "version": "==6.1.1"
        },
        "pyflakes": {
            "hashes": [
                "sha256:7893783d01b8a89811dd72d7dfd4d84ff098e5eed95cfa8905b22bbffe52efc3",
                "sha256:f5bc8ecabc05bb9d291eb5203d6810b49040f6ff446a756326104746cc00c1db"
            ],
            "markers": "python_version >= '2.7' and python_version not in '3.0, 3.1, 3.2, 3.3'",
            "version": "==2.3.1"
        },
        "pyparsing": {
            "hashes": [
                "sha256:c203ec8783bf771a155b207279b9bccb8dea02d8f0c9e5f8ead507bc3246ecc1",
                "sha256:ef9d7589ef3c200abe66653d3f1ab1033c3c419ae9b9bdb1240a85b024efc88b"
            ],
            "markers": "python_version >= '2.6' and python_version not in '3.0, 3.1, 3.2, 3.3'",
            "version": "==2.4.7"
        },
        "pytest": {
            "hashes": [
                "sha256:1cd09785c0a50f9af72220dd12aa78cfa49cbffc356c61eab009ca189e018a33",
                "sha256:d010e24666435b39a4cf48740b039885642b6c273a3f77be3e7e03554d2806b7"
            ],
            "index": "pypi",
            "version": "==6.1.0"
        },
        "pytest-asyncio": {
            "hashes": [
                "sha256:2564ceb9612bbd560d19ca4b41347b54e7835c2f792c504f698e05395ed63f6f",
                "sha256:3042bcdf1c5d978f6b74d96a151c4cfb9dcece65006198389ccd7e6c60eb1eea"
            ],
            "index": "pypi",
            "version": "==0.15.1"
        },
        "pytest-cov": {
            "hashes": [
                "sha256:45ec2d5182f89a81fc3eb29e3d1ed3113b9e9a873bcddb2a71faaab066110191",
                "sha256:47bd0ce14056fdd79f93e1713f88fad7bdcc583dcd7783da86ef2f085a0bb88e"
            ],
            "index": "pypi",
            "version": "==2.10.1"
        },
        "pytest-forked": {
            "hashes": [
                "sha256:6aa9ac7e00ad1a539c41bec6d21011332de671e938c7637378ec9710204e37ca",
                "sha256:dc4147784048e70ef5d437951728825a131b81714b398d5d52f17c7c144d8815"
            ],
            "markers": "python_version >= '2.7' and python_version not in '3.0, 3.1, 3.2, 3.3, 3.4'",
            "version": "==1.3.0"
        },
        "pytest-xdist": {
            "hashes": [
                "sha256:2447a1592ab41745955fb870ac7023026f20a5f0bfccf1b52a879bd193d46450",
                "sha256:718887296892f92683f6a51f25a3ae584993b06f7076ce1e1fd482e59a8220a2"
            ],
            "index": "pypi",
            "version": "==2.2.1"
        },
        "pyzmq": {
            "hashes": [
                "sha256:00dca814469436455399660247d74045172955459c0bd49b54a540ce4d652185",
                "sha256:046b92e860914e39612e84fa760fc3f16054d268c11e0e25dcb011fb1bc6a075",
                "sha256:09d24a80ccb8cbda1af6ed8eb26b005b6743e58e9290566d2a6841f4e31fa8e0",
                "sha256:0a422fc290d03958899743db091f8154958410fc76ce7ee0ceb66150f72c2c97",
                "sha256:18189fc59ff5bf46b7ccf5a65c1963326dbfc85a2bc73e9f4a90a40322b992c8",
                "sha256:276ad604bffd70992a386a84bea34883e696a6b22e7378053e5d3227321d9702",
                "sha256:296540a065c8c21b26d63e3cea2d1d57902373b16e4256afe46422691903a438",
                "sha256:29d51279060d0a70f551663bc592418bcad7f4be4eea7b324f6dd81de05cb4c1",
                "sha256:36ab114021c0cab1a423fe6689355e8f813979f2c750968833b318c1fa10a0fd",
                "sha256:3fa6debf4bf9412e59353defad1f8035a1e68b66095a94ead8f7a61ae90b2675",
                "sha256:5120c64646e75f6db20cc16b9a94203926ead5d633de9feba4f137004241221d",
                "sha256:59f1e54627483dcf61c663941d94c4af9bf4163aec334171686cdaee67974fe5",
                "sha256:5d9fc809aa8d636e757e4ced2302569d6e60e9b9c26114a83f0d9d6519c40493",
                "sha256:654d3e06a4edc566b416c10293064732516cf8871a4522e0a2ba00cc2a2e600c",
                "sha256:720d2b6083498a9281eaee3f2927486e9fe02cd16d13a844f2e95217f243efea",
                "sha256:73483a2caaa0264ac717af33d6fb3f143d8379e60a422730ee8d010526ce1913",
                "sha256:8a6ada5a3f719bf46a04ba38595073df8d6b067316c011180102ba2a1925f5b5",
                "sha256:8b66b94fe6243d2d1d89bca336b2424399aac57932858b9a30309803ffc28112",
                "sha256:949a219493a861c263b75a16588eadeeeab08f372e25ff4a15a00f73dfe341f4",
                "sha256:99cc0e339a731c6a34109e5c4072aaa06d8e32c0b93dc2c2d90345dd45fa196c",
                "sha256:a7e7f930039ee0c4c26e4dfee015f20bd6919cd8b97c9cd7afbde2923a5167b6",
                "sha256:ab0d01148d13854de716786ca73701012e07dff4dfbbd68c4e06d8888743526e",
                "sha256:b1dd4cf4c5e09cbeef0aee83f3b8af1e9986c086a8927b261c042655607571e8",
                "sha256:c1a31cd42905b405530e92bdb70a8a56f048c8a371728b8acf9d746ecd4482c0",
                "sha256:c20dd60b9428f532bc59f2ef6d3b1029a28fc790d408af82f871a7db03e722ff",
                "sha256:c36ffe1e5aa35a1af6a96640d723d0d211c5f48841735c2aa8d034204e87eb87",
                "sha256:c40fbb2b9933369e994b837ee72193d6a4c35dfb9a7c573257ef7ff28961272c",
                "sha256:c6d653bab76b3925c65d4ac2ddbdffe09710f3f41cc7f177299e8c4498adb04a",
                "sha256:d46fb17f5693244de83e434648b3dbb4f4b0fec88415d6cbab1c1452b6f2ae17",
                "sha256:e36f12f503511d72d9bdfae11cadbadca22ff632ff67c1b5459f69756a029c19",
                "sha256:f1a25a61495b6f7bb986accc5b597a3541d9bd3ef0016f50be16dbb32025b302",
                "sha256:fa411b1d8f371d3a49d31b0789eb6da2537dadbb2aef74a43aa99a78195c3f76"
            ],
            "index": "pypi",
            "version": "==19.0.2"
        },
        "regex": {
            "hashes": [
                "sha256:0de8ad66b08c3e673b61981b9e3626f8784d5564f8c3928e2ad408c0eb5ac38c",
                "sha256:1f1125bc5172ab3a049bc6f4b9c0aae95a2a2001a77e6d6e4239fa3653e202b5",
                "sha256:255791523f80ea8e48e79af7120b4697ef3b74f6886995dcdb08c41f8e516be0",
                "sha256:28040e89a04b60d579c69095c509a4f6a1a5379cd865258e3a186b7105de72c6",
                "sha256:37868075eda024470bd0feab872c692ac4ee29db1e14baec103257bf6cc64346",
                "sha256:3b71213ec3bad9a5a02e049f2ec86b3d7c3e350129ae0f4e2f99c12b5da919ed",
                "sha256:3be40f720af170a6b20ddd2ad7904c58b13d2b56f6734ee5d09bbdeed2fa4816",
                "sha256:42952d325439ef223e4e9db7ee6d9087b5c68c5c15b1f9de68e990837682fc7b",
                "sha256:470f2c882f2672d8eeda8ab27992aec277c067d280b52541357e1acd7e606dae",
                "sha256:4907fb0f9b9309a5bded72343e675a252c2589a41871874feace9a05a540241e",
                "sha256:4d87459ad3ab40cd8493774f8a454b2e490d8e729e7e402a0625867a983e4e02",
                "sha256:4fa7ba9ab2eba7284e0d7d94f61df7af86015b0398e123331362270d71fab0b9",
                "sha256:5b34d2335d6aedec7dcadd3f8283b9682fadad8b9b008da8788d2fce76125ebe",
                "sha256:6348a7ab2a502cbdd0b7fd0496d614007489adb7361956b38044d1d588e66e04",
                "sha256:638e98d069b14113e8afba6a54d1ca123f712c0d105e67c1f9211b2a825ef926",
                "sha256:66696c8336a1b5d1182464f3af3427cc760118f26d0b09a2ddc16a976a4d2637",
                "sha256:78cf6a1e023caf5e9a982f5377414e1aeac55198831b852835732cfd0a0ca5ff",
                "sha256:81e125d9ba54c34579e4539a967e976a3c56150796674aec318b1b2f49251be7",
                "sha256:81fdc90f999b2147fc62e303440c424c47e5573a9b615ed5d43a5b832efcca9e",
                "sha256:87e9c489aa98f50f367fb26cc9c8908d668e9228d327644d7aa568d47e456f47",
                "sha256:8c1ad61fa024195136a6b7b89538030bd00df15f90ac177ca278df9b2386c96f",
                "sha256:9910869c472e5a6728680ca357b5846546cbbd2ab3ad5bef986ef0bc438d0aa6",
                "sha256:9925985be05d54b3d25fd6c1ea8e50ff1f7c2744c75bdc4d3b45c790afa2bcb3",
                "sha256:9a0b0db6b49da7fa37ca8eddf9f40a8dbc599bad43e64f452284f37b6c34d91c",
                "sha256:9c065d95a514a06b92a5026766d72ac91bfabf581adb5b29bc5c91d4b3ee9b83",
                "sha256:a6f08187136f11e430638c2c66e1db091105d7c2e9902489f0dbc69b44c222b4",
                "sha256:ad0517df22a97f1da20d8f1c8cb71a5d1997fa383326b81f9cf22c9dadfbdf34",
                "sha256:b345ecde37c86dd7084c62954468a4a655fd2d24fd9b237949dd07a4d0dd6f4c",
                "sha256:b55442650f541d195a535ccec33078c78a9521973fb960923da7515e9ed78fa6",
                "sha256:c2b180ed30856dfa70cfe927b0fd38e6b68198a03039abdbeb1f2029758d87e7",
                "sha256:c9e30838df7bfd20db6466fd309d9b580d32855f8e2c2e6d74cf9da27dcd9b63",
                "sha256:cae4099031d80703954c39680323dabd87a69b21262303160776aa0e55970ca0",
                "sha256:ce7b1cca6c23f19bee8dc40228d9c314d86d1e51996b86f924aca302fc8f8bf9",
                "sha256:d0861e7f6325e821d5c40514c551fd538b292f8cc3960086e73491b9c5d8291d",
                "sha256:d331f238a7accfbbe1c4cd1ba610d4c087b206353539331e32a8f05345c74aec",
                "sha256:e07049cece3462c626d650e8bf42ddbca3abf4aa08155002c28cb6d9a5a281e2",
                "sha256:e2cb7d4909ed16ed35729d38af585673f1f0833e73dfdf0c18e5be0061107b99",
                "sha256:e3770781353a4886b68ef10cec31c1f61e8e3a0be5f213c2bb15a86efd999bc4",
                "sha256:e502f8d4e5ef714bcc2c94d499684890c94239526d61fdf1096547db91ca6aa6",
                "sha256:e6f2d2f93001801296fe3ca86515eb04915472b5380d4d8752f09f25f0b9b0ed",
                "sha256:f588209d3e4797882cd238195c175290dbc501973b10a581086b5c6bcd095ffb"
            ],
            "version": "==2021.9.30"
        },
        "snowballstemmer": {
            "hashes": [
                "sha256:b51b447bea85f9968c13b650126a888aabd4cb4463fca868ec596826325dedc2",
                "sha256:e997baa4f2e9139951b6f4c631bad912dfd3c792467e2f03d7239464af90e914"
            ],
            "version": "==2.1.0"
        },
        "toml": {
            "hashes": [
                "sha256:806143ae5bfb6a3c6e736a764057db0e6a0e05e338b5630894a5f779cabb4f9b",
                "sha256:b3bda1d108d5dd99f4a20d24d9c348e91c4db7ab1b749200bded2f839ccbe68f"
            ],
            "markers": "python_version >= '2.6' and python_version not in '3.0, 3.1, 3.2, 3.3'",
            "version": "==0.10.2"
        },
        "tomli": {
            "hashes": [
                "sha256:8dd0e9524d6f386271a36b41dbf6c57d8e32fd96fd22b6584679dc569d20899f",
                "sha256:a5b75cb6f3968abb47af1b40c1819dc519ea82bcc065776a866e8d74c5ca9442"
            ],
            "markers": "python_version >= '3.6'",
            "version": "==1.2.1"
        },
        "typed-ast": {
            "hashes": [
                "sha256:01ae5f73431d21eead5015997ab41afa53aa1fbe252f9da060be5dad2c730ace",
                "sha256:067a74454df670dcaa4e59349a2e5c81e567d8d65458d480a5b3dfecec08c5ff",
                "sha256:0fb71b8c643187d7492c1f8352f2c15b4c4af3f6338f21681d3681b3dc31a266",
                "sha256:1b3ead4a96c9101bef08f9f7d1217c096f31667617b58de957f690c92378b528",
                "sha256:2068531575a125b87a41802130fa7e29f26c09a2833fea68d9a40cf33902eba6",
                "sha256:209596a4ec71d990d71d5e0d312ac935d86930e6eecff6ccc7007fe54d703808",
                "sha256:2c726c276d09fc5c414693a2de063f521052d9ea7c240ce553316f70656c84d4",
                "sha256:398e44cd480f4d2b7ee8d98385ca104e35c81525dd98c519acff1b79bdaac363",
                "sha256:52b1eb8c83f178ab787f3a4283f68258525f8d70f778a2f6dd54d3b5e5fb4341",
                "sha256:5feca99c17af94057417d744607b82dd0a664fd5e4ca98061480fd8b14b18d04",
                "sha256:7538e495704e2ccda9b234b82423a4038f324f3a10c43bc088a1636180f11a41",
                "sha256:760ad187b1041a154f0e4d0f6aae3e40fdb51d6de16e5c99aedadd9246450e9e",
                "sha256:777a26c84bea6cd934422ac2e3b78863a37017618b6e5c08f92ef69853e765d3",
                "sha256:95431a26309a21874005845c21118c83991c63ea800dd44843e42a916aec5899",
                "sha256:9ad2c92ec681e02baf81fdfa056fe0d818645efa9af1f1cd5fd6f1bd2bdfd805",
                "sha256:9c6d1a54552b5330bc657b7ef0eae25d00ba7ffe85d9ea8ae6540d2197a3788c",
                "sha256:aee0c1256be6c07bd3e1263ff920c325b59849dc95392a05f258bb9b259cf39c",
                "sha256:af3d4a73793725138d6b334d9d247ce7e5f084d96284ed23f22ee626a7b88e39",
                "sha256:b36b4f3920103a25e1d5d024d155c504080959582b928e91cb608a65c3a49e1a",
                "sha256:b9574c6f03f685070d859e75c7f9eeca02d6933273b5e69572e5ff9d5e3931c3",
                "sha256:bff6ad71c81b3bba8fa35f0f1921fb24ff4476235a6e94a26ada2e54370e6da7",
                "sha256:c190f0899e9f9f8b6b7863debfb739abcb21a5c054f911ca3596d12b8a4c4c7f",
                "sha256:c907f561b1e83e93fad565bac5ba9c22d96a54e7ea0267c708bffe863cbe4075",
                "sha256:cae53c389825d3b46fb37538441f75d6aecc4174f615d048321b716df2757fb0",
                "sha256:dd4a21253f42b8d2b48410cb31fe501d32f8b9fbeb1f55063ad102fe9c425e40",
                "sha256:dde816ca9dac1d9c01dd504ea5967821606f02e510438120091b84e852367428",
                "sha256:f2362f3cb0f3172c42938946dbc5b7843c2a28aec307c49100c8b38764eb6927",
                "sha256:f328adcfebed9f11301eaedfa48e15bdece9b519fb27e6a8c01aa52a17ec31b3",
                "sha256:f8afcf15cc511ada719a88e013cec87c11aff7b91f019295eb4530f96fe5ef2f",
                "sha256:fb1bbeac803adea29cedd70781399c99138358c26d05fcbd23c13016b7f5ec65"
            ],
            "markers": "python_version < '3.8'",
            "version": "==1.4.3"
        },
        "typing-extensions": {
            "hashes": [
                "sha256:0ac0f89795dd19de6b97debb0c6af1c70987fd80a2d62d1958f7e56fcc31b497",
                "sha256:50b6f157849174217d0656f99dc82fe932884fb250826c18350e159ec6cdf342",
                "sha256:779383f6086d90c99ae41cf0ff39aac8a7937a9283ce0a414e5dd782f4c94a84"
            ],
            "index": "pypi",
            "version": "==3.10.0.0"
        },
        "zipp": {
            "hashes": [
                "sha256:71c644c5369f4a6e07636f0aa966270449561fcea2e3d6747b8d23efaa9d7832",
                "sha256:9fe5ea21568a0a70e50f273397638d39b03353731e6cbbb3fd8502a33fec40bc"
            ],
            "markers": "python_version >= '3.6'",
            "version": "==3.6.0"
        }
    }
}
