{
    "_meta": {
        "hash": {
            "sha256": "1782085eb2f73c91465df19d1bf979ac9a6e133d959c4583e2f6fbca2f0df83b"
        },
        "pipfile-spec": 6,
        "requires": {
            "python_version": "3.7"
        },
        "sources": [
            {
                "name": "pypi",
                "url": "https://pypi.python.org/simple",
                "verify_ssl": true
            }
        ]
    },
    "default": {
        "attrs": {
            "hashes": [
                "sha256:31b2eced602aa8423c2aea9c76a724617ed67cf9513173fd3a4f03e3a929c7e6",
                "sha256:832aa3cde19744e49938b91fea06d69ecb9e649c93ba974535d08ad92164f700"
            ],
            "markers": "python_version >= '2.7' and python_version not in '3.0, 3.1, 3.2, 3.3'",
            "version": "==20.3.0"
        },
        "jsonschema": {
            "hashes": [
                "sha256:5f9c0a719ca2ce14c5de2fd350a64fd2d13e8539db29836a86adc990bb1a068f",
                "sha256:8d4a2b7b6c2237e0199c8ea1a6d3e05bf118e289ae2b9d7ba444182a2959560d"
            ],
            "index": "pypi",
            "version": "==3.0.2"
        },
        "pyrsistent": {
            "hashes": [
                "sha256:2e636185d9eb976a18a8a8e96efce62f2905fea90041958d8cc2a189756ebf3e"
            ],
            "markers": "python_version >= '3.5'",
            "version": "==0.17.3"
        },
        "six": {
            "hashes": [
                "sha256:30639c035cdb23534cd4aa2dd52c3bf48f06e5f4a941509c8bafd8ce11080259",
                "sha256:8b74bedcbbbaca38ff6d7491d76f2b06b3592611af620f8426e82dddb04a5ced"
            ],
            "markers": "python_version >= '2.7' and python_version not in '3.0, 3.1, 3.2, 3.3'",
            "version": "==1.15.0"
        }
    },
    "develop": {
        "atomicwrites": {
            "hashes": [
                "sha256:6d1784dea7c0c8d4a5172b6c620f40b6e4cbfdf96d783691f2e1302a7b88e197",
                "sha256:ae70396ad1a434f9c7046fd2dd196fc04b12f9e91ffb859164193be8b6168a7a"
            ],
            "markers": "sys_platform == 'win32'",
            "version": "==1.4.0"
        },
        "attrs": {
            "hashes": [
                "sha256:31b2eced602aa8423c2aea9c76a724617ed67cf9513173fd3a4f03e3a929c7e6",
                "sha256:832aa3cde19744e49938b91fea06d69ecb9e649c93ba974535d08ad92164f700"
            ],
            "markers": "python_version >= '2.7' and python_version not in '3.0, 3.1, 3.2, 3.3'",
            "version": "==20.3.0"
        },
        "bleach": {
            "hashes": [
                "sha256:2d3b3f7e7d69148bb683b26a3f21eabcf62fa8fb7bc75d0e7a13bcecd9568d4d",
                "sha256:c6ad42174219b64848e2e2cd434e44f56cd24a93a9b4f8bc52cfed55a1cd5aad"
            ],
            "markers": "python_version >= '2.7' and python_version not in '3.0, 3.1, 3.2, 3.3, 3.4'",
            "version": "==3.2.3"
        },
        "certifi": {
            "hashes": [
                "sha256:1a4995114262bffbc2413b159f2a1a480c969de6e6eb13ee966d470af86af59c",
                "sha256:719a74fb9e33b9bd44cc7f3a8d94bc35e4049deebe19ba7d8e108280cfd59830"
            ],
            "version": "==2020.12.5"
        },
        "chardet": {
            "hashes": [
                "sha256:0d6f53a15db4120f2b08c94f11e7d93d2c911ee118b6b30a04ec3ee8310179fa",
                "sha256:f864054d66fd9118f2e67044ac8981a54775ec5b67aed0441892edb553d21da5"
            ],
            "markers": "python_version >= '2.7' and python_version not in '3.0, 3.1, 3.2, 3.3, 3.4'",
            "version": "==4.0.0"
        },
        "colorama": {
            "hashes": [
                "sha256:5941b2b48a20143d2267e95b1c2a7603ce057ee39fd88e7329b0c292aa16869b",
                "sha256:9f47eda37229f68eee03b24b9748937c7dc3868f906e8ba69fbcbdd3bc5dc3e2"
            ],
            "markers": "python_version >= '2.7' and python_version not in '3.0, 3.1, 3.2, 3.3, 3.4'",
            "version": "==0.4.4"
        },
        "docopt": {
            "hashes": [
                "sha256:49b3a825280bd66b3aa83585ef59c4a8c82f2c8a522dbe754a8bc8d08c85c491"
            ],
            "version": "==0.6.2"
        },
        "docutils": {
            "hashes": [
                "sha256:0c5b78adfbf7762415433f5515cd5c9e762339e23369dbe8000d84a4bf4ab3af",
                "sha256:c2de3a60e9e7d07be26b7f2b00ca0309c207e06c100f9cc2a94931fc75a478fc"
            ],
            "markers": "python_version >= '2.7' and python_version not in '3.0, 3.1, 3.2, 3.3, 3.4'",
            "version": "==0.16"
        },
        "e1839a8": {
            "editable": true,
            "path": "."
        },
        "idna": {
            "hashes": [
                "sha256:b307872f855b18632ce0c21c5e45be78c0ea7ae4c15c828c20788b26921eb3f6",
                "sha256:b97d804b1e9b523befed77c48dacec60e6dcb0b5391d57af6a65a312a90648c0"
            ],
            "markers": "python_version >= '2.7' and python_version not in '3.0, 3.1, 3.2, 3.3'",
            "version": "==2.10"
        },
        "importlib-metadata": {
            "hashes": [
                "sha256:ace61d5fc652dc280e7b6b4ff732a9c2d40db2c0f92bc6cb74e07b73d53a1771",
                "sha256:fa5daa4477a7414ae34e95942e4dd07f62adf589143c875c133c1e53c4eff38d"
            ],
            "markers": "python_version < '3.8'",
            "version": "==3.4.0"
        },
        "iniconfig": {
            "hashes": [
                "sha256:011e24c64b7f47f6ebd835bb12a743f2fbe9a26d4cecaa7f53bc4f35ee9da8b3",
                "sha256:bc3af051d7d14b2ee5ef9969666def0cd1a000e121eaea580d4a313df4b37f32"
            ],
            "version": "==1.1.1"
        },
        "jsonschema": {
            "hashes": [
                "sha256:5f9c0a719ca2ce14c5de2fd350a64fd2d13e8539db29836a86adc990bb1a068f",
                "sha256:8d4a2b7b6c2237e0199c8ea1a6d3e05bf118e289ae2b9d7ba444182a2959560d"
            ],
            "index": "pypi",
            "version": "==3.0.2"
        },
        "mccabe": {
            "hashes": [
                "sha256:ab8a6258860da4b6677da4bd2fe5dc2c659cff31b3ee4f7f5d64e79735b80d42",
                "sha256:dd8d182285a0fe56bace7f45b5e7d1a6ebcbf524e8f3bd87eb0f125271b8831f"
            ],
            "version": "==0.6.1"
        },
        "mypy": {
            "hashes": [
                "sha256:0d2fc8beb99cd88f2d7e20d69131353053fbecea17904ee6f0348759302c52fa",
                "sha256:2b216eacca0ec0ee124af9429bfd858d5619a0725ee5f88057e6e076f9eb1a7b",
                "sha256:319ee5c248a7c3f94477f92a729b7ab06bf8a6d04447ef3aa8c9ba2aa47c6dcf",
                "sha256:3e0c159a7853e3521e3f582adb1f3eac66d0b0639d434278e2867af3a8c62653",
                "sha256:5615785d3e2f4f03ab7697983d82c4b98af5c321614f51b8f1034eb9ebe48363",
                "sha256:5ff616787122774f510caeb7b980542a7cc2222be3f00837a304ea85cd56e488",
                "sha256:6f8425fecd2ba6007e526209bb985ce7f49ed0d2ac1cc1a44f243380a06a84fb",
                "sha256:74f5aa50d0866bc6fb8e213441c41e466c86678c800700b87b012ed11c0a13e0",
                "sha256:90b6f46dc2181d74f80617deca611925d7e63007cf416397358aa42efb593e07",
                "sha256:947126195bfe4709c360e89b40114c6746ae248f04d379dca6f6ab677aa07641",
                "sha256:a301da58d566aca05f8f449403c710c50a9860782148332322decf73a603280b",
                "sha256:aa9d4901f3ee1a986a3a79fe079ffbf7f999478c281376f48faa31daaa814e86",
                "sha256:b9150db14a48a8fa114189bfe49baccdff89da8c6639c2717750c7ae62316738",
                "sha256:b95068a3ce3b50332c40e31a955653be245666a4bc7819d3c8898aa9fb9ea496",
                "sha256:ca7ad5aed210841f1e77f5f2f7d725b62c78fa77519312042c719ed2ab937876",
                "sha256:d16c54b0dffb861dc6318a8730952265876d90c5101085a4bc56913e8521ba19",
                "sha256:e0202e37756ed09daf4b0ba64ad2c245d357659e014c3f51d8cd0681ba66940a",
                "sha256:e1c84c65ff6d69fb42958ece5b1255394714e0aac4df5ffe151bc4fe19c7600a",
                "sha256:e32b7b282c4ed4e378bba8b8dfa08e1cfa6f6574067ef22f86bee5b1039de0c9",
                "sha256:e3b8432f8df19e3c11235c4563a7250666dc9aa7cdda58d21b4177b20256ca9f",
                "sha256:e497a544391f733eca922fdcb326d19e894789cd4ff61d48b4b195776476c5cf",
                "sha256:f5fdf935a46aa20aa937f2478480ebf4be9186e98e49cc3843af9a5795a49a25"
            ],
            "index": "pypi",
            "version": "==0.800"
        },
        "mypy-extensions": {
            "hashes": [
                "sha256:090fedd75945a69ae91ce1303b5824f428daf5a028d2f6ab8a299250a846f15d",
                "sha256:2d82818f5bb3e369420cb3c4060a7970edba416647068eb4c5343488a6c604a8"
            ],
            "version": "==0.4.3"
        },
        "opentrons-shared-data": {
            "editable": true,
            "path": "."
        },
        "packaging": {
            "hashes": [
                "sha256:5b327ac1320dc863dca72f4514ecc086f31186744b84a230374cc1fd776feae5",
                "sha256:67714da7f7bc052e064859c05c595155bd1ee9f69f76557e21f051443c20947a"
            ],
            "markers": "python_version >= '2.7' and python_version not in '3.0, 3.1, 3.2, 3.3'",
            "version": "==20.9"
        },
        "pkginfo": {
            "hashes": [
                "sha256:029a70cb45c6171c329dfc890cde0879f8c52d6f3922794796e06f577bb03db4",
                "sha256:9fdbea6495622e022cc72c2e5e1b735218e4ffb2a2a69cde2694a6c1f16afb75"
            ],
            "version": "==1.7.0"
        },
        "pluggy": {
            "hashes": [
                "sha256:15b2acde666561e1298d71b523007ed7364de07029219b604cf808bfa1c765b0",
                "sha256:966c145cd83c96502c3c3868f50408687b38434af77734af1e9ca461a4081d2d"
            ],
            "markers": "python_version >= '2.7' and python_version not in '3.0, 3.1, 3.2, 3.3'",
            "version": "==0.13.1"
        },
        "py": {
            "hashes": [
                "sha256:21b81bda15b66ef5e1a777a21c4dcd9c20ad3efd0b3f817e7a809035269e1bd3",
                "sha256:3b80836aa6d1feeaa108e046da6423ab8f6ceda6468545ae8d02d9d58d18818a"
            ],
            "markers": "python_version >= '2.7' and python_version not in '3.0, 3.1, 3.2, 3.3'",
            "version": "==1.10.0"
        },
        "pycodestyle": {
            "hashes": [
                "sha256:2295e7b2f6b5bd100585ebcb1f616591b652db8a741695b3d8f5d28bdc934367",
                "sha256:c58a7d2815e0e8d7972bf1803331fb0152f867bd89adf8a01dfd55085434192e"
            ],
            "markers": "python_version >= '2.7' and python_version not in '3.0, 3.1, 3.2, 3.3'",
            "version": "==2.6.0"
        },
        "pydocstyle": {
            "hashes": [
                "sha256:19b86fa8617ed916776a11cd8bc0197e5b9856d5433b777f51a3defe13075325",
                "sha256:aca749e190a01726a4fb472dd4ef23b5c9da7b9205c0a7857c06533de13fd678"
            ],
            "markers": "python_version >= '3.5'",
            "version": "==5.1.1"
        },
        "pyflakes": {
            "hashes": [
                "sha256:0d94e0e05a19e57a99444b6ddcf9a6eb2e5c68d3ca1e98e90707af8152c90a92",
                "sha256:35b2d75ee967ea93b55750aa9edbbf72813e06a66ba54438df2cfac9e3c27fc8"
            ],
            "markers": "python_version >= '2.7' and python_version not in '3.0, 3.1, 3.2, 3.3'",
            "version": "==2.2.0"
        },
        "pygments": {
            "hashes": [
                "sha256:bc9591213a8f0e0ca1a5e68a479b4887fdc3e75d0774e5c71c31920c427de435",
                "sha256:df49d09b498e83c1a73128295860250b0b7edd4c723a32e9bc0d295c7c2ec337"
            ],
            "markers": "python_version >= '3.5'",
            "version": "==2.7.4"
        },
        "pylama": {
            "hashes": [
                "sha256:9bae53ef9c1a431371d6a8dca406816a60d547147b60a4934721898f553b7d8f",
                "sha256:fd61c11872d6256b019ef1235be37b77c922ef37ac9797df6bd489996dddeb15"
            ],
            "index": "pypi",
            "version": "==7.7.1"
        },
        "pyparsing": {
            "hashes": [
                "sha256:c203ec8783bf771a155b207279b9bccb8dea02d8f0c9e5f8ead507bc3246ecc1",
                "sha256:ef9d7589ef3c200abe66653d3f1ab1033c3c419ae9b9bdb1240a85b024efc88b"
            ],
            "markers": "python_version >= '2.6' and python_version not in '3.0, 3.1, 3.2, 3.3'",
            "version": "==2.4.7"
        },
        "pyrsistent": {
            "hashes": [
                "sha256:2e636185d9eb976a18a8a8e96efce62f2905fea90041958d8cc2a189756ebf3e"
            ],
            "markers": "python_version >= '3.5'",
            "version": "==0.17.3"
        },
        "pytest": {
            "hashes": [
                "sha256:1cd09785c0a50f9af72220dd12aa78cfa49cbffc356c61eab009ca189e018a33",
                "sha256:d010e24666435b39a4cf48740b039885642b6c273a3f77be3e7e03554d2806b7"
            ],
            "index": "pypi",
            "version": "==6.1.0"
        },
        "pytest-watch": {
            "hashes": [
                "sha256:06136f03d5b361718b8d0d234042f7b2f203910d8568f63df2f866b547b3d4b9"
            ],
            "index": "pypi",
            "version": "==4.2.0"
        },
        "readme-renderer": {
            "hashes": [
                "sha256:267854ac3b1530633c2394ead828afcd060fc273217c42ac36b6be9c42cd9a9d",
                "sha256:6b7e5aa59210a40de72eb79931491eaf46fefca2952b9181268bd7c7c65c260a"
            ],
            "version": "==28.0"
        },
        "requests": {
            "hashes": [
                "sha256:27973dd4a904a4f13b263a19c866c13b92a39ed1c964655f025f3f8d3d75b804",
                "sha256:c210084e36a42ae6b9219e00e48287def368a26d03a048ddad7bfee44f75871e"
            ],
            "markers": "python_version >= '2.7' and python_version not in '3.0, 3.1, 3.2, 3.3, 3.4'",
            "version": "==2.25.1"
        },
        "requests-toolbelt": {
            "hashes": [
                "sha256:380606e1d10dc85c3bd47bf5a6095f815ec007be7a8b69c878507068df059e6f",
                "sha256:968089d4584ad4ad7c171454f0a5c6dac23971e9472521ea3b6d49d610aa6fc0"
            ],
            "version": "==0.9.1"
        },
        "six": {
            "hashes": [
                "sha256:30639c035cdb23534cd4aa2dd52c3bf48f06e5f4a941509c8bafd8ce11080259",
                "sha256:8b74bedcbbbaca38ff6d7491d76f2b06b3592611af620f8426e82dddb04a5ced"
            ],
            "markers": "python_version >= '2.7' and python_version not in '3.0, 3.1, 3.2, 3.3'",
            "version": "==1.15.0"
        },
        "snowballstemmer": {
            "hashes": [
                "sha256:b51b447bea85f9968c13b650126a888aabd4cb4463fca868ec596826325dedc2",
                "sha256:e997baa4f2e9139951b6f4c631bad912dfd3c792467e2f03d7239464af90e914"
            ],
            "version": "==2.1.0"
        },
        "toml": {
            "hashes": [
                "sha256:806143ae5bfb6a3c6e736a764057db0e6a0e05e338b5630894a5f779cabb4f9b",
                "sha256:b3bda1d108d5dd99f4a20d24d9c348e91c4db7ab1b749200bded2f839ccbe68f"
            ],
            "markers": "python_version >= '2.6' and python_version not in '3.0, 3.1, 3.2, 3.3'",
            "version": "==0.10.2"
        },
        "tqdm": {
            "hashes": [
                "sha256:4621f6823bab46a9cc33d48105753ccbea671b68bab2c50a9f0be23d4065cb5a",
                "sha256:fe3d08dd00a526850568d542ff9de9bbc2a09a791da3c334f3213d8d0bbbca65"
            ],
            "markers": "python_version >= '2.7' and python_version not in '3.0, 3.1, 3.2, 3.3'",
            "version": "==4.56.0"
        },
        "twine": {
            "hashes": [
                "sha256:5319dd3e02ac73fcddcd94f035b9631589ab5d23e1f4699d57365199d85261e1",
                "sha256:9fe7091715c7576df166df8ef6654e61bada39571783f2fd415bdcba867c6993"
            ],
            "index": "pypi",
            "version": "==2.0.0"
        },
        "typed-ast": {
            "hashes": [
                "sha256:07d49388d5bf7e863f7fa2f124b1b1d89d8aa0e2f7812faff0a5658c01c59aa1",
                "sha256:14bf1522cdee369e8f5581238edac09150c765ec1cb33615855889cf33dcb92d",
                "sha256:240296b27397e4e37874abb1df2a608a92df85cf3e2a04d0d4d61055c8305ba6",
                "sha256:36d829b31ab67d6fcb30e185ec996e1f72b892255a745d3a82138c97d21ed1cd",
                "sha256:37f48d46d733d57cc70fd5f30572d11ab8ed92da6e6b28e024e4a3edfb456e37",
                "sha256:4c790331247081ea7c632a76d5b2a265e6d325ecd3179d06e9cf8d46d90dd151",
                "sha256:5dcfc2e264bd8a1db8b11a892bd1647154ce03eeba94b461effe68790d8b8e07",
                "sha256:7147e2a76c75f0f64c4319886e7639e490fee87c9d25cb1d4faef1d8cf83a440",
                "sha256:7703620125e4fb79b64aa52427ec192822e9f45d37d4b6625ab37ef403e1df70",
                "sha256:8368f83e93c7156ccd40e49a783a6a6850ca25b556c0fa0240ed0f659d2fe496",
                "sha256:84aa6223d71012c68d577c83f4e7db50d11d6b1399a9c779046d75e24bed74ea",
                "sha256:85f95aa97a35bdb2f2f7d10ec5bbdac0aeb9dafdaf88e17492da0504de2e6400",
                "sha256:8db0e856712f79c45956da0c9a40ca4246abc3485ae0d7ecc86a20f5e4c09abc",
                "sha256:9044ef2df88d7f33692ae3f18d3be63dec69c4fb1b5a4a9ac950f9b4ba571606",
                "sha256:963c80b583b0661918718b095e02303d8078950b26cc00b5e5ea9ababe0de1fc",
                "sha256:987f15737aba2ab5f3928c617ccf1ce412e2e321c77ab16ca5a293e7bbffd581",
                "sha256:9ec45db0c766f196ae629e509f059ff05fc3148f9ffd28f3cfe75d4afb485412",
                "sha256:9fc0b3cb5d1720e7141d103cf4819aea239f7d136acf9ee4a69b047b7986175a",
                "sha256:a2c927c49f2029291fbabd673d51a2180038f8cd5a5b2f290f78c4516be48be2",
                "sha256:a38878a223bdd37c9709d07cd357bb79f4c760b29210e14ad0fb395294583787",
                "sha256:b4fcdcfa302538f70929eb7b392f536a237cbe2ed9cba88e3bf5027b39f5f77f",
                "sha256:c0c74e5579af4b977c8b932f40a5464764b2f86681327410aa028a22d2f54937",
                "sha256:c1c876fd795b36126f773db9cbb393f19808edd2637e00fd6caba0e25f2c7b64",
                "sha256:c9aadc4924d4b5799112837b226160428524a9a45f830e0d0f184b19e4090487",
                "sha256:cc7b98bf58167b7f2db91a4327da24fb93368838eb84a44c472283778fc2446b",
                "sha256:cf54cfa843f297991b7388c281cb3855d911137223c6b6d2dd82a47ae5125a41",
                "sha256:d003156bb6a59cda9050e983441b7fa2487f7800d76bdc065566b7d728b4581a",
                "sha256:d175297e9533d8d37437abc14e8a83cbc68af93cc9c1c59c2c292ec59a0697a3",
                "sha256:d746a437cdbca200622385305aedd9aef68e8a645e385cc483bdc5e488f07166",
                "sha256:e683e409e5c45d5c9082dc1daf13f6374300806240719f95dc783d1fc942af10"
            ],
            "version": "==1.4.2"
        },
        "typeguard": {
            "hashes": [
                "sha256:1d3710251d3d3d6c64e0c49f45edec2e88ddc386a51e89c3ec0703efeb8b3b81",
                "sha256:2d545c71e9439c21bcd7c28f5f55b3606e6106f7031ab58375656a1aed483ef2"
            ],
            "index": "pypi",
            "version": "==2.7.1"
        },
        "typing-extensions": {
            "hashes": [
                "sha256:7cb407020f00f7bfc3cb3e7881628838e69d8f3fcab2f64742a5e76b2f841918",
                "sha256:99d4073b617d30288f569d3f13d2bd7548c3a7e4c8de87db09a9d29bb3a4a60c",
                "sha256:dafc7639cde7f1b6e1acc0f457842a83e722ccca8eef5270af2d74792619a89f"
            ],
            "index": "pypi",
            "version": "==3.7.4.3"
        },
        "urllib3": {
            "hashes": [
                "sha256:1b465e494e3e0d8939b50680403e3aedaa2bc434b7d5af64dfd3c958d7f5ae80",
                "sha256:de3eedaad74a2683334e282005cd8d7f22f4d55fa690a2a1020a416cb0a47e73"
            ],
            "markers": "python_version >= '2.7' and python_version not in '3.0, 3.1, 3.2, 3.3, 3.4' and python_version < '4'",
            "version": "==1.26.3"
        },
        "watchdog": {
            "hashes": [
                "sha256:016b01495b9c55b5d4126ed8ae75d93ea0d99377084107c33162df52887cee18",
                "sha256:101532b8db506559e52a9b5d75a308729b3f68264d930670e6155c976d0e52a0",
                "sha256:27d9b4666938d5d40afdcdf2c751781e9ce36320788b70208d0f87f7401caf93",
                "sha256:2f1ade0d0802503fda4340374d333408831cff23da66d7e711e279ba50fe6c4a",
                "sha256:376cbc2a35c0392b0fe7ff16fbc1b303fd99d4dd9911ab5581ee9d69adc88982",
                "sha256:57f05e55aa603c3b053eed7e679f0a83873c540255b88d58c6223c7493833bac",
                "sha256:5f1f3b65142175366ba94c64d8d4c8f4015825e0beaacee1c301823266b47b9b",
                "sha256:602dbd9498592eacc42e0632c19781c3df1728ef9cbab555fab6778effc29eeb",
                "sha256:68744de2003a5ea2dfbb104f9a74192cf381334a9e2c0ed2bbe1581828d50b61",
                "sha256:85e6574395aa6c1e14e0f030d9d7f35c2340a6cf95d5671354ce876ac3ffdd4d",
                "sha256:b1d723852ce90a14abf0ec0ca9e80689d9509ee4c9ee27163118d87b564a12ac",
                "sha256:d948ad9ab9aba705f9836625b32e965b9ae607284811cd98334423f659ea537a",
                "sha256:e2a531e71be7b5cc3499ae2d1494d51b6a26684bcc7c3146f63c810c00e8a3cc",
                "sha256:e7c73edef48f4ceeebb987317a67e0080e5c9228601ff67b3c4062fa020403c7",
                "sha256:ee21aeebe6b3e51e4ba64564c94cee8dbe7438b9cb60f0bb350c4fa70d1b52c2",
                "sha256:f1d0e878fd69129d0d68b87cee5d9543f20d8018e82998efb79f7e412d42154a",
                "sha256:f84146f7864339c8addf2c2b9903271df21d18d2c721e9a77f779493234a82b5"
            ],
            "markers": "python_version >= '3.6'",
            "version": "==1.0.2"
        },
        "webencodings": {
            "hashes": [
                "sha256:a0af1213f3c2226497a97e2b3aa01a7e4bee4f403f95be16fc9acd2947514a78",
                "sha256:b36a1c245f2d304965eb4e0a82848379241dc04b865afcc4aab16748587e1923"
            ],
            "version": "==0.5.1"
        },
        "wheel": {
            "hashes": [
                "sha256:9515fe0a94e823fd90b08d22de45d7bde57c90edce705b22f5e1ecf7e1b653c8",
                "sha256:e721e53864f084f956f40f96124a74da0631ac13fbbd1ba99e8e2b5e9cafdf64"
            ],
            "index": "pypi",
            "version": "==0.30.0"
        },
        "zipp": {
            "hashes": [
                "sha256:102c24ef8f171fd729d46599845e95c7ab894a4cf45f5de11a44cc7444fb1108",
                "sha256:ed5eee1974372595f9e416cc7bbeeb12335201d8081ca8a0743c954d4446e5cb"
            ],
            "markers": "python_version >= '3.6'",
            "version": "==3.4.0"
        }
    }
}
